// !$*UTF8*$!
{
	archiveVersion = 1;
	classes = {
	};
	objectVersion = 55;
	objects = {

/* Begin PBXBuildFile section */
		0B6321EED1ED5F1CFD23C6AD /* Pods_FoodApp.framework in Frameworks */ = {isa = PBXBuildFile; fileRef = 8C54705E83D615072D3CC895 /* Pods_FoodApp.framework */; };
		7053EBD728AEECDD0091D6D3 /* HomeViewController.swift in Sources */ = {isa = PBXBuildFile; fileRef = 7053EBD628AEECDD0091D6D3 /* HomeViewController.swift */; };
		7053EBDE28AEF4E50091D6D3 /* CategoryCollectionViewCell.swift in Sources */ = {isa = PBXBuildFile; fileRef = 7053EBDC28AEF4E50091D6D3 /* CategoryCollectionViewCell.swift */; };
		7053EBDF28AEF4E50091D6D3 /* CategoryCollectionViewCell.xib in Resources */ = {isa = PBXBuildFile; fileRef = 7053EBDD28AEF4E50091D6D3 /* CategoryCollectionViewCell.xib */; };
		7053EBE128AEF8030091D6D3 /* DishCategory.swift in Sources */ = {isa = PBXBuildFile; fileRef = 7053EBE028AEF8030091D6D3 /* DishCategory.swift */; };
		7053EBE328AEFA540091D6D3 /* String+Extension.swift in Sources */ = {isa = PBXBuildFile; fileRef = 7053EBE228AEFA540091D6D3 /* String+Extension.swift */; };
		7053EBE528B030850091D6D3 /* CardView.swift in Sources */ = {isa = PBXBuildFile; fileRef = 7053EBE428B030850091D6D3 /* CardView.swift */; };
		708901FE28B6D0C5008E4047 /* PopularDishCollectionViewCell.swift in Sources */ = {isa = PBXBuildFile; fileRef = 708901FC28B6D0C5008E4047 /* PopularDishCollectionViewCell.swift */; };
		708901FF28B6D0C5008E4047 /* PopularDishCollectionViewCell.xib in Resources */ = {isa = PBXBuildFile; fileRef = 708901FD28B6D0C5008E4047 /* PopularDishCollectionViewCell.xib */; };
		7089020128B6D3A4008E4047 /* Dish.swift in Sources */ = {isa = PBXBuildFile; fileRef = 7089020028B6D3A4008E4047 /* Dish.swift */; };
		7089020528BDFBDB008E4047 /* DishLandscapeCollectionViewCell.swift in Sources */ = {isa = PBXBuildFile; fileRef = 7089020328BDFBDB008E4047 /* DishLandscapeCollectionViewCell.swift */; };
		7089020628BDFBDB008E4047 /* DishLandscapeCollectionViewCell.xib in Resources */ = {isa = PBXBuildFile; fileRef = 7089020428BDFBDB008E4047 /* DishLandscapeCollectionViewCell.xib */; };
		7089020928BF917D008E4047 /* DishDetailViewController.swift in Sources */ = {isa = PBXBuildFile; fileRef = 7089020828BF917D008E4047 /* DishDetailViewController.swift */; };
		7089020B28BF93CE008E4047 /* UIViewController+Extension.swift in Sources */ = {isa = PBXBuildFile; fileRef = 7089020A28BF93CE008E4047 /* UIViewController+Extension.swift */; };
		7089020F28C64972008E4047 /* DishListTableViewCell.swift in Sources */ = {isa = PBXBuildFile; fileRef = 7089020D28C64972008E4047 /* DishListTableViewCell.swift */; };
		7089021028C64972008E4047 /* DishListTableViewCell.xib in Resources */ = {isa = PBXBuildFile; fileRef = 7089020E28C64972008E4047 /* DishListTableViewCell.xib */; };
		7089021328C64F38008E4047 /* ListDishesViewController.swift in Sources */ = {isa = PBXBuildFile; fileRef = 7089021228C64F38008E4047 /* ListDishesViewController.swift */; };
		7089021628C65A4A008E4047 /* ListOrderViewController.swift in Sources */ = {isa = PBXBuildFile; fileRef = 7089021528C65A4A008E4047 /* ListOrderViewController.swift */; };
		7089021928C65CB9008E4047 /* Orders.swift in Sources */ = {isa = PBXBuildFile; fileRef = 7089021828C65CB8008E4047 /* Orders.swift */; };
		70CF73AE2889E55C00530295 /* AppDelegate.swift in Sources */ = {isa = PBXBuildFile; fileRef = 70CF73AD2889E55C00530295 /* AppDelegate.swift */; };
		70CF73B02889E55C00530295 /* SceneDelegate.swift in Sources */ = {isa = PBXBuildFile; fileRef = 70CF73AF2889E55C00530295 /* SceneDelegate.swift */; };
		70CF73B22889E55C00530295 /* OnboardingViewController.swift in Sources */ = {isa = PBXBuildFile; fileRef = 70CF73B12889E55C00530295 /* OnboardingViewController.swift */; };
		70CF73B52889E55C00530295 /* Main.storyboard in Resources */ = {isa = PBXBuildFile; fileRef = 70CF73B32889E55C00530295 /* Main.storyboard */; };
		70CF73B82889E55C00530295 /* FoodApp.xcdatamodeld in Sources */ = {isa = PBXBuildFile; fileRef = 70CF73B62889E55C00530295 /* FoodApp.xcdatamodeld */; };
		70CF73BA2889E55E00530295 /* Assets.xcassets in Resources */ = {isa = PBXBuildFile; fileRef = 70CF73B92889E55E00530295 /* Assets.xcassets */; };
		70CF73BD2889E55E00530295 /* LaunchScreen.storyboard in Resources */ = {isa = PBXBuildFile; fileRef = 70CF73BB2889E55E00530295 /* LaunchScreen.storyboard */; };
		70CF73CA2889EB0F00530295 /* UIView+Extensions.swift in Sources */ = {isa = PBXBuildFile; fileRef = 70CF73C92889EB0F00530295 /* UIView+Extensions.swift */; };
		70CF73CC2889ED2700530295 /* OnboardingSlide.swift in Sources */ = {isa = PBXBuildFile; fileRef = 70CF73CB2889ED2700530295 /* OnboardingSlide.swift */; };
		70CF73CE2889F1B300530295 /* OnboardingCollectionViewCell.swift in Sources */ = {isa = PBXBuildFile; fileRef = 70CF73CD2889F1B200530295 /* OnboardingCollectionViewCell.swift */; };
/* End PBXBuildFile section */

/* Begin PBXFileReference section */
		34608E04D4C1FC3DE573955A /* Pods-FoodApp.debug.xcconfig */ = {isa = PBXFileReference; includeInIndex = 1; lastKnownFileType = text.xcconfig; name = "Pods-FoodApp.debug.xcconfig"; path = "Target Support Files/Pods-FoodApp/Pods-FoodApp.debug.xcconfig"; sourceTree = "<group>"; };
		7053EBD628AEECDD0091D6D3 /* HomeViewController.swift */ = {isa = PBXFileReference; lastKnownFileType = sourcecode.swift; path = HomeViewController.swift; sourceTree = "<group>"; };
		7053EBDC28AEF4E50091D6D3 /* CategoryCollectionViewCell.swift */ = {isa = PBXFileReference; lastKnownFileType = sourcecode.swift; path = CategoryCollectionViewCell.swift; sourceTree = "<group>"; };
		7053EBDD28AEF4E50091D6D3 /* CategoryCollectionViewCell.xib */ = {isa = PBXFileReference; lastKnownFileType = file.xib; path = CategoryCollectionViewCell.xib; sourceTree = "<group>"; };
		7053EBE028AEF8030091D6D3 /* DishCategory.swift */ = {isa = PBXFileReference; lastKnownFileType = sourcecode.swift; path = DishCategory.swift; sourceTree = "<group>"; };
		7053EBE228AEFA540091D6D3 /* String+Extension.swift */ = {isa = PBXFileReference; lastKnownFileType = sourcecode.swift; path = "String+Extension.swift"; sourceTree = "<group>"; };
		7053EBE428B030850091D6D3 /* CardView.swift */ = {isa = PBXFileReference; lastKnownFileType = sourcecode.swift; path = CardView.swift; sourceTree = "<group>"; };
		708901FC28B6D0C5008E4047 /* PopularDishCollectionViewCell.swift */ = {isa = PBXFileReference; lastKnownFileType = sourcecode.swift; path = PopularDishCollectionViewCell.swift; sourceTree = "<group>"; };
		708901FD28B6D0C5008E4047 /* PopularDishCollectionViewCell.xib */ = {isa = PBXFileReference; lastKnownFileType = file.xib; path = PopularDishCollectionViewCell.xib; sourceTree = "<group>"; };
		7089020028B6D3A4008E4047 /* Dish.swift */ = {isa = PBXFileReference; lastKnownFileType = sourcecode.swift; path = Dish.swift; sourceTree = "<group>"; };
		7089020328BDFBDB008E4047 /* DishLandscapeCollectionViewCell.swift */ = {isa = PBXFileReference; lastKnownFileType = sourcecode.swift; path = DishLandscapeCollectionViewCell.swift; sourceTree = "<group>"; };
		7089020428BDFBDB008E4047 /* DishLandscapeCollectionViewCell.xib */ = {isa = PBXFileReference; lastKnownFileType = file.xib; path = DishLandscapeCollectionViewCell.xib; sourceTree = "<group>"; };
		7089020828BF917D008E4047 /* DishDetailViewController.swift */ = {isa = PBXFileReference; lastKnownFileType = sourcecode.swift; path = DishDetailViewController.swift; sourceTree = "<group>"; };
		7089020A28BF93CE008E4047 /* UIViewController+Extension.swift */ = {isa = PBXFileReference; lastKnownFileType = sourcecode.swift; path = "UIViewController+Extension.swift"; sourceTree = "<group>"; };
		7089020D28C64972008E4047 /* DishListTableViewCell.swift */ = {isa = PBXFileReference; lastKnownFileType = sourcecode.swift; path = DishListTableViewCell.swift; sourceTree = "<group>"; };
		7089020E28C64972008E4047 /* DishListTableViewCell.xib */ = {isa = PBXFileReference; lastKnownFileType = file.xib; path = DishListTableViewCell.xib; sourceTree = "<group>"; };
		7089021228C64F38008E4047 /* ListDishesViewController.swift */ = {isa = PBXFileReference; lastKnownFileType = sourcecode.swift; path = ListDishesViewController.swift; sourceTree = "<group>"; };
		7089021528C65A4A008E4047 /* ListOrderViewController.swift */ = {isa = PBXFileReference; lastKnownFileType = sourcecode.swift; path = ListOrderViewController.swift; sourceTree = "<group>"; };
		7089021828C65CB8008E4047 /* Orders.swift */ = {isa = PBXFileReference; lastKnownFileType = sourcecode.swift; path = Orders.swift; sourceTree = "<group>"; };
		70CF73AA2889E55C00530295 /* FoodApp.app */ = {isa = PBXFileReference; explicitFileType = wrapper.application; includeInIndex = 0; path = FoodApp.app; sourceTree = BUILT_PRODUCTS_DIR; };
		70CF73AD2889E55C00530295 /* AppDelegate.swift */ = {isa = PBXFileReference; lastKnownFileType = sourcecode.swift; path = AppDelegate.swift; sourceTree = "<group>"; };
		70CF73AF2889E55C00530295 /* SceneDelegate.swift */ = {isa = PBXFileReference; lastKnownFileType = sourcecode.swift; path = SceneDelegate.swift; sourceTree = "<group>"; };
		70CF73B12889E55C00530295 /* OnboardingViewController.swift */ = {isa = PBXFileReference; lastKnownFileType = sourcecode.swift; path = OnboardingViewController.swift; sourceTree = "<group>"; };
		70CF73B42889E55C00530295 /* Base */ = {isa = PBXFileReference; lastKnownFileType = file.storyboard; name = Base; path = Base.lproj/Main.storyboard; sourceTree = "<group>"; };
		70CF73B72889E55C00530295 /* FoodApp.xcdatamodel */ = {isa = PBXFileReference; lastKnownFileType = wrapper.xcdatamodel; path = FoodApp.xcdatamodel; sourceTree = "<group>"; };
		70CF73B92889E55E00530295 /* Assets.xcassets */ = {isa = PBXFileReference; lastKnownFileType = folder.assetcatalog; path = Assets.xcassets; sourceTree = "<group>"; };
		70CF73BC2889E55E00530295 /* Base */ = {isa = PBXFileReference; lastKnownFileType = file.storyboard; name = Base; path = Base.lproj/LaunchScreen.storyboard; sourceTree = "<group>"; };
		70CF73BE2889E55E00530295 /* Info.plist */ = {isa = PBXFileReference; lastKnownFileType = text.plist.xml; path = Info.plist; sourceTree = "<group>"; };
		70CF73C92889EB0F00530295 /* UIView+Extensions.swift */ = {isa = PBXFileReference; lastKnownFileType = sourcecode.swift; path = "UIView+Extensions.swift"; sourceTree = "<group>"; };
		70CF73CB2889ED2700530295 /* OnboardingSlide.swift */ = {isa = PBXFileReference; lastKnownFileType = sourcecode.swift; path = OnboardingSlide.swift; sourceTree = "<group>"; };
		70CF73CD2889F1B200530295 /* OnboardingCollectionViewCell.swift */ = {isa = PBXFileReference; lastKnownFileType = sourcecode.swift; path = OnboardingCollectionViewCell.swift; sourceTree = "<group>"; };
		8C54705E83D615072D3CC895 /* Pods_FoodApp.framework */ = {isa = PBXFileReference; explicitFileType = wrapper.framework; includeInIndex = 0; path = Pods_FoodApp.framework; sourceTree = BUILT_PRODUCTS_DIR; };
		D76AD145EF87635D5226F605 /* Pods-FoodApp.release.xcconfig */ = {isa = PBXFileReference; includeInIndex = 1; lastKnownFileType = text.xcconfig; name = "Pods-FoodApp.release.xcconfig"; path = "Target Support Files/Pods-FoodApp/Pods-FoodApp.release.xcconfig"; sourceTree = "<group>"; };
/* End PBXFileReference section */

/* Begin PBXFrameworksBuildPhase section */
		70CF73A72889E55C00530295 /* Frameworks */ = {
			isa = PBXFrameworksBuildPhase;
			buildActionMask = 2147483647;
			files = (
				0B6321EED1ED5F1CFD23C6AD /* Pods_FoodApp.framework in Frameworks */,
			);
			runOnlyForDeploymentPostprocessing = 0;
		};
/* End PBXFrameworksBuildPhase section */

/* Begin PBXGroup section */
		7053EBD528AEECC80091D6D3 /* Home */ = {
			isa = PBXGroup;
			children = (
				7053EBD628AEECDD0091D6D3 /* HomeViewController.swift */,
			);
			path = Home;
			sourceTree = "<group>";
		};
		7053EBD828AEF4450091D6D3 /* CollectionViewCell */ = {
			isa = PBXGroup;
			children = (
				7089020228BDFBAF008E4047 /* DishLandscapeCollection */,
				708901FB28B6D092008E4047 /* PopularDishCollection */,
				7053EBD928AEF46D0091D6D3 /* CategoryCollectionViewCell */,
			);
			path = CollectionViewCell;
			sourceTree = "<group>";
		};
		7053EBD928AEF46D0091D6D3 /* CategoryCollectionViewCell */ = {
			isa = PBXGroup;
			children = (
				7053EBDC28AEF4E50091D6D3 /* CategoryCollectionViewCell.swift */,
				7053EBDD28AEF4E50091D6D3 /* CategoryCollectionViewCell.xib */,
			);
			path = CategoryCollectionViewCell;
			sourceTree = "<group>";
		};
		708901FB28B6D092008E4047 /* PopularDishCollection */ = {
			isa = PBXGroup;
			children = (
				708901FC28B6D0C5008E4047 /* PopularDishCollectionViewCell.swift */,
				708901FD28B6D0C5008E4047 /* PopularDishCollectionViewCell.xib */,
			);
			path = PopularDishCollection;
			sourceTree = "<group>";
		};
		7089020228BDFBAF008E4047 /* DishLandscapeCollection */ = {
			isa = PBXGroup;
			children = (
				7089020328BDFBDB008E4047 /* DishLandscapeCollectionViewCell.swift */,
				7089020428BDFBDB008E4047 /* DishLandscapeCollectionViewCell.xib */,
			);
			path = DishLandscapeCollection;
			sourceTree = "<group>";
		};
		7089020728BF915B008E4047 /* DishDetail */ = {
			isa = PBXGroup;
			children = (
				7089020828BF917D008E4047 /* DishDetailViewController.swift */,
			);
			path = DishDetail;
			sourceTree = "<group>";
		};
		7089020C28C64936008E4047 /* TableViews */ = {
			isa = PBXGroup;
			children = (
				7089020D28C64972008E4047 /* DishListTableViewCell.swift */,
				7089020E28C64972008E4047 /* DishListTableViewCell.xib */,
			);
			path = TableViews;
			sourceTree = "<group>";
		};
		7089021128C64F04008E4047 /* ListDishes */ = {
			isa = PBXGroup;
			children = (
				7089021228C64F38008E4047 /* ListDishesViewController.swift */,
			);
			path = ListDishes;
			sourceTree = "<group>";
		};
		7089021428C65A2B008E4047 /* ListOrders */ = {
			isa = PBXGroup;
			children = (
				7089021528C65A4A008E4047 /* ListOrderViewController.swift */,
			);
			path = ListOrders;
			sourceTree = "<group>";
		};
		70CF73A12889E55C00530295 = {
			isa = PBXGroup;
			children = (
				70CF73AC2889E55C00530295 /* FoodApp */,
				70CF73AB2889E55C00530295 /* Products */,
				8CDCF17FB8A04CDD228C8AFF /* Pods */,
				AF669272DF7054CFB019DF65 /* Frameworks */,
			);
			sourceTree = "<group>";
		};
		70CF73AB2889E55C00530295 /* Products */ = {
			isa = PBXGroup;
			children = (
				70CF73AA2889E55C00530295 /* FoodApp.app */,
			);
			name = Products;
			sourceTree = "<group>";
		};
		70CF73AC2889E55C00530295 /* FoodApp */ = {
			isa = PBXGroup;
			children = (
				70CF73C82889EAF000530295 /* Extensions */,
				70CF73C62889E67400530295 /* Models */,
				70CF73C52889E66900530295 /* View */,
				70CF73C72889E68000530295 /* Controllers */,
				70CF73AD2889E55C00530295 /* AppDelegate.swift */,
				70CF73AF2889E55C00530295 /* SceneDelegate.swift */,
				70CF73B92889E55E00530295 /* Assets.xcassets */,
				70CF73BB2889E55E00530295 /* LaunchScreen.storyboard */,
				70CF73BE2889E55E00530295 /* Info.plist */,
				70CF73B62889E55C00530295 /* FoodApp.xcdatamodeld */,
			);
			path = FoodApp;
			sourceTree = "<group>";
		};
		70CF73C42889E65000530295 /* Onboarding */ = {
			isa = PBXGroup;
			children = (
				70CF73B12889E55C00530295 /* OnboardingViewController.swift */,
				70CF73CD2889F1B200530295 /* OnboardingCollectionViewCell.swift */,
			);
			path = Onboarding;
			sourceTree = "<group>";
		};
		70CF73C52889E66900530295 /* View */ = {
			isa = PBXGroup;
			children = (
				70CF73B32889E55C00530295 /* Main.storyboard */,
			);
			path = View;
			sourceTree = "<group>";
		};
		70CF73C62889E67400530295 /* Models */ = {
			isa = PBXGroup;
			children = (
				70CF73CB2889ED2700530295 /* OnboardingSlide.swift */,
				7053EBE028AEF8030091D6D3 /* DishCategory.swift */,
				7089020028B6D3A4008E4047 /* Dish.swift */,
				7089021828C65CB8008E4047 /* Orders.swift */,
			);
			path = Models;
			sourceTree = "<group>";
		};
		70CF73C72889E68000530295 /* Controllers */ = {
			isa = PBXGroup;
			children = (
				7089021428C65A2B008E4047 /* ListOrders */,
				7089021128C64F04008E4047 /* ListDishes */,
				7089020C28C64936008E4047 /* TableViews */,
				7089020728BF915B008E4047 /* DishDetail */,
				7053EBD828AEF4450091D6D3 /* CollectionViewCell */,
				7053EBD528AEECC80091D6D3 /* Home */,
				70CF73C42889E65000530295 /* Onboarding */,
			);
			path = Controllers;
			sourceTree = "<group>";
		};
		70CF73C82889EAF000530295 /* Extensions */ = {
			isa = PBXGroup;
			children = (
				70CF73C92889EB0F00530295 /* UIView+Extensions.swift */,
				7053EBE228AEFA540091D6D3 /* String+Extension.swift */,
				7053EBE428B030850091D6D3 /* CardView.swift */,
				7089020A28BF93CE008E4047 /* UIViewController+Extension.swift */,
			);
			path = Extensions;
			sourceTree = "<group>";
		};
		8CDCF17FB8A04CDD228C8AFF /* Pods */ = {
			isa = PBXGroup;
			children = (
				34608E04D4C1FC3DE573955A /* Pods-FoodApp.debug.xcconfig */,
				D76AD145EF87635D5226F605 /* Pods-FoodApp.release.xcconfig */,
			);
			path = Pods;
			sourceTree = "<group>";
		};
		AF669272DF7054CFB019DF65 /* Frameworks */ = {
			isa = PBXGroup;
			children = (
				8C54705E83D615072D3CC895 /* Pods_FoodApp.framework */,
			);
			name = Frameworks;
			sourceTree = "<group>";
		};
/* End PBXGroup section */

/* Begin PBXNativeTarget section */
		70CF73A92889E55C00530295 /* FoodApp */ = {
			isa = PBXNativeTarget;
			buildConfigurationList = 70CF73C12889E55E00530295 /* Build configuration list for PBXNativeTarget "FoodApp" */;
			buildPhases = (
				2E803D934169B5E0F409A84D /* [CP] Check Pods Manifest.lock */,
				70CF73A62889E55C00530295 /* Sources */,
				70CF73A72889E55C00530295 /* Frameworks */,
				70CF73A82889E55C00530295 /* Resources */,
				EEDDF23BC1475B1D46425D96 /* [CP] Embed Pods Frameworks */,
			);
			buildRules = (
			);
			dependencies = (
			);
			name = FoodApp;
			productName = FoodApp;
			productReference = 70CF73AA2889E55C00530295 /* FoodApp.app */;
			productType = "com.apple.product-type.application";
		};
/* End PBXNativeTarget section */

/* Begin PBXProject section */
		70CF73A22889E55C00530295 /* Project object */ = {
			isa = PBXProject;
			attributes = {
				BuildIndependentTargetsInParallel = 1;
				LastSwiftUpdateCheck = 1330;
				LastUpgradeCheck = 1330;
				TargetAttributes = {
					70CF73A92889E55C00530295 = {
						CreatedOnToolsVersion = 13.3.1;
					};
				};
			};
			buildConfigurationList = 70CF73A52889E55C00530295 /* Build configuration list for PBXProject "FoodApp" */;
			compatibilityVersion = "Xcode 13.0";
			developmentRegion = en;
			hasScannedForEncodings = 0;
			knownRegions = (
				en,
				Base,
			);
			mainGroup = 70CF73A12889E55C00530295;
			productRefGroup = 70CF73AB2889E55C00530295 /* Products */;
			projectDirPath = "";
			projectRoot = "";
			targets = (
				70CF73A92889E55C00530295 /* FoodApp */,
			);
		};
/* End PBXProject section */

/* Begin PBXResourcesBuildPhase section */
		70CF73A82889E55C00530295 /* Resources */ = {
			isa = PBXResourcesBuildPhase;
			buildActionMask = 2147483647;
			files = (
				7053EBDF28AEF4E50091D6D3 /* CategoryCollectionViewCell.xib in Resources */,
				7089021028C64972008E4047 /* DishListTableViewCell.xib in Resources */,
				708901FF28B6D0C5008E4047 /* PopularDishCollectionViewCell.xib in Resources */,
				70CF73BD2889E55E00530295 /* LaunchScreen.storyboard in Resources */,
				70CF73BA2889E55E00530295 /* Assets.xcassets in Resources */,
				7089020628BDFBDB008E4047 /* DishLandscapeCollectionViewCell.xib in Resources */,
				70CF73B52889E55C00530295 /* Main.storyboard in Resources */,
			);
			runOnlyForDeploymentPostprocessing = 0;
		};
/* End PBXResourcesBuildPhase section */

/* Begin PBXShellScriptBuildPhase section */
		2E803D934169B5E0F409A84D /* [CP] Check Pods Manifest.lock */ = {
			isa = PBXShellScriptBuildPhase;
			buildActionMask = 2147483647;
			files = (
			);
			inputFileListPaths = (
			);
			inputPaths = (
				"${PODS_PODFILE_DIR_PATH}/Podfile.lock",
				"${PODS_ROOT}/Manifest.lock",
			);
			name = "[CP] Check Pods Manifest.lock";
			outputFileListPaths = (
			);
			outputPaths = (
				"$(DERIVED_FILE_DIR)/Pods-FoodApp-checkManifestLockResult.txt",
			);
			runOnlyForDeploymentPostprocessing = 0;
			shellPath = /bin/sh;
			shellScript = "diff \"${PODS_PODFILE_DIR_PATH}/Podfile.lock\" \"${PODS_ROOT}/Manifest.lock\" > /dev/null\nif [ $? != 0 ] ; then\n    # print error to STDERR\n    echo \"error: The sandbox is not in sync with the Podfile.lock. Run 'pod install' or update your CocoaPods installation.\" >&2\n    exit 1\nfi\n# This output is used by Xcode 'outputs' to avoid re-running this script phase.\necho \"SUCCESS\" > \"${SCRIPT_OUTPUT_FILE_0}\"\n";
			showEnvVarsInLog = 0;
		};
		EEDDF23BC1475B1D46425D96 /* [CP] Embed Pods Frameworks */ = {
			isa = PBXShellScriptBuildPhase;
			buildActionMask = 2147483647;
			files = (
			);
			inputFileListPaths = (
				"${PODS_ROOT}/Target Support Files/Pods-FoodApp/Pods-FoodApp-frameworks-${CONFIGURATION}-input-files.xcfilelist",
			);
			name = "[CP] Embed Pods Frameworks";
			outputFileListPaths = (
				"${PODS_ROOT}/Target Support Files/Pods-FoodApp/Pods-FoodApp-frameworks-${CONFIGURATION}-output-files.xcfilelist",
			);
			runOnlyForDeploymentPostprocessing = 0;
			shellPath = /bin/sh;
			shellScript = "\"${PODS_ROOT}/Target Support Files/Pods-FoodApp/Pods-FoodApp-frameworks.sh\"\n";
			showEnvVarsInLog = 0;
		};
/* End PBXShellScriptBuildPhase section */

/* Begin PBXSourcesBuildPhase section */
		70CF73A62889E55C00530295 /* Sources */ = {
			isa = PBXSourcesBuildPhase;
			buildActionMask = 2147483647;
			files = (
				7089021328C64F38008E4047 /* ListDishesViewController.swift in Sources */,
				70CF73B22889E55C00530295 /* OnboardingViewController.swift in Sources */,
				7053EBE328AEFA540091D6D3 /* String+Extension.swift in Sources */,
				7089020528BDFBDB008E4047 /* DishLandscapeCollectionViewCell.swift in Sources */,
				7089020928BF917D008E4047 /* DishDetailViewController.swift in Sources */,
				7089020B28BF93CE008E4047 /* UIViewController+Extension.swift in Sources */,
				7089020F28C64972008E4047 /* DishListTableViewCell.swift in Sources */,
				7089021628C65A4A008E4047 /* ListOrderViewController.swift in Sources */,
				7053EBE128AEF8030091D6D3 /* DishCategory.swift in Sources */,
				70CF73B82889E55C00530295 /* FoodApp.xcdatamodeld in Sources */,
				70CF73CA2889EB0F00530295 /* UIView+Extensions.swift in Sources */,
				7053EBD728AEECDD0091D6D3 /* HomeViewController.swift in Sources */,
				708901FE28B6D0C5008E4047 /* PopularDishCollectionViewCell.swift in Sources */,
				7053EBDE28AEF4E50091D6D3 /* CategoryCollectionViewCell.swift in Sources */,
				70CF73AE2889E55C00530295 /* AppDelegate.swift in Sources */,
				7089021928C65CB9008E4047 /* Orders.swift in Sources */,
				7089020128B6D3A4008E4047 /* Dish.swift in Sources */,
				70CF73CC2889ED2700530295 /* OnboardingSlide.swift in Sources */,
				70CF73CE2889F1B300530295 /* OnboardingCollectionViewCell.swift in Sources */,
				7053EBE528B030850091D6D3 /* CardView.swift in Sources */,
				70CF73B02889E55C00530295 /* SceneDelegate.swift in Sources */,
			);
			runOnlyForDeploymentPostprocessing = 0;
		};
/* End PBXSourcesBuildPhase section */

/* Begin PBXVariantGroup section */
		70CF73B32889E55C00530295 /* Main.storyboard */ = {
			isa = PBXVariantGroup;
			children = (
				70CF73B42889E55C00530295 /* Base */,
			);
			name = Main.storyboard;
			sourceTree = "<group>";
		};
		70CF73BB2889E55E00530295 /* LaunchScreen.storyboard */ = {
			isa = PBXVariantGroup;
			children = (
				70CF73BC2889E55E00530295 /* Base */,
			);
			name = LaunchScreen.storyboard;
			sourceTree = "<group>";
		};
/* End PBXVariantGroup section */

/* Begin XCBuildConfiguration section */
		70CF73BF2889E55E00530295 /* Debug */ = {
			isa = XCBuildConfiguration;
			buildSettings = {
				ALWAYS_SEARCH_USER_PATHS = NO;
				CLANG_ANALYZER_NONNULL = YES;
				CLANG_ANALYZER_NUMBER_OBJECT_CONVERSION = YES_AGGRESSIVE;
				CLANG_CXX_LANGUAGE_STANDARD = "gnu++17";
				CLANG_ENABLE_MODULES = YES;
				CLANG_ENABLE_OBJC_ARC = YES;
				CLANG_ENABLE_OBJC_WEAK = YES;
				CLANG_WARN_BLOCK_CAPTURE_AUTORELEASING = YES;
				CLANG_WARN_BOOL_CONVERSION = YES;
				CLANG_WARN_COMMA = YES;
				CLANG_WARN_CONSTANT_CONVERSION = YES;
				CLANG_WARN_DEPRECATED_OBJC_IMPLEMENTATIONS = YES;
				CLANG_WARN_DIRECT_OBJC_ISA_USAGE = YES_ERROR;
				CLANG_WARN_DOCUMENTATION_COMMENTS = YES;
				CLANG_WARN_EMPTY_BODY = YES;
				CLANG_WARN_ENUM_CONVERSION = YES;
				CLANG_WARN_INFINITE_RECURSION = YES;
				CLANG_WARN_INT_CONVERSION = YES;
				CLANG_WARN_NON_LITERAL_NULL_CONVERSION = YES;
				CLANG_WARN_OBJC_IMPLICIT_RETAIN_SELF = YES;
				CLANG_WARN_OBJC_LITERAL_CONVERSION = YES;
				CLANG_WARN_OBJC_ROOT_CLASS = YES_ERROR;
				CLANG_WARN_QUOTED_INCLUDE_IN_FRAMEWORK_HEADER = YES;
				CLANG_WARN_RANGE_LOOP_ANALYSIS = YES;
				CLANG_WARN_STRICT_PROTOTYPES = YES;
				CLANG_WARN_SUSPICIOUS_MOVE = YES;
				CLANG_WARN_UNGUARDED_AVAILABILITY = YES_AGGRESSIVE;
				CLANG_WARN_UNREACHABLE_CODE = YES;
				CLANG_WARN__DUPLICATE_METHOD_MATCH = YES;
				COPY_PHASE_STRIP = NO;
				DEBUG_INFORMATION_FORMAT = dwarf;
				ENABLE_STRICT_OBJC_MSGSEND = YES;
				ENABLE_TESTABILITY = YES;
				GCC_C_LANGUAGE_STANDARD = gnu11;
				GCC_DYNAMIC_NO_PIC = NO;
				GCC_NO_COMMON_BLOCKS = YES;
				GCC_OPTIMIZATION_LEVEL = 0;
				GCC_PREPROCESSOR_DEFINITIONS = (
					"DEBUG=1",
					"$(inherited)",
				);
				GCC_WARN_64_TO_32_BIT_CONVERSION = YES;
				GCC_WARN_ABOUT_RETURN_TYPE = YES_ERROR;
				GCC_WARN_UNDECLARED_SELECTOR = YES;
				GCC_WARN_UNINITIALIZED_AUTOS = YES_AGGRESSIVE;
				GCC_WARN_UNUSED_FUNCTION = YES;
				GCC_WARN_UNUSED_VARIABLE = YES;
				IPHONEOS_DEPLOYMENT_TARGET = 15.4;
				MTL_ENABLE_DEBUG_INFO = INCLUDE_SOURCE;
				MTL_FAST_MATH = YES;
				ONLY_ACTIVE_ARCH = YES;
				SDKROOT = iphoneos;
				SWIFT_ACTIVE_COMPILATION_CONDITIONS = DEBUG;
				SWIFT_OPTIMIZATION_LEVEL = "-Onone";
			};
			name = Debug;
		};
		70CF73C02889E55E00530295 /* Release */ = {
			isa = XCBuildConfiguration;
			buildSettings = {
				ALWAYS_SEARCH_USER_PATHS = NO;
				CLANG_ANALYZER_NONNULL = YES;
				CLANG_ANALYZER_NUMBER_OBJECT_CONVERSION = YES_AGGRESSIVE;
				CLANG_CXX_LANGUAGE_STANDARD = "gnu++17";
				CLANG_ENABLE_MODULES = YES;
				CLANG_ENABLE_OBJC_ARC = YES;
				CLANG_ENABLE_OBJC_WEAK = YES;
				CLANG_WARN_BLOCK_CAPTURE_AUTORELEASING = YES;
				CLANG_WARN_BOOL_CONVERSION = YES;
				CLANG_WARN_COMMA = YES;
				CLANG_WARN_CONSTANT_CONVERSION = YES;
				CLANG_WARN_DEPRECATED_OBJC_IMPLEMENTATIONS = YES;
				CLANG_WARN_DIRECT_OBJC_ISA_USAGE = YES_ERROR;
				CLANG_WARN_DOCUMENTATION_COMMENTS = YES;
				CLANG_WARN_EMPTY_BODY = YES;
				CLANG_WARN_ENUM_CONVERSION = YES;
				CLANG_WARN_INFINITE_RECURSION = YES;
				CLANG_WARN_INT_CONVERSION = YES;
				CLANG_WARN_NON_LITERAL_NULL_CONVERSION = YES;
				CLANG_WARN_OBJC_IMPLICIT_RETAIN_SELF = YES;
				CLANG_WARN_OBJC_LITERAL_CONVERSION = YES;
				CLANG_WARN_OBJC_ROOT_CLASS = YES_ERROR;
				CLANG_WARN_QUOTED_INCLUDE_IN_FRAMEWORK_HEADER = YES;
				CLANG_WARN_RANGE_LOOP_ANALYSIS = YES;
				CLANG_WARN_STRICT_PROTOTYPES = YES;
				CLANG_WARN_SUSPICIOUS_MOVE = YES;
				CLANG_WARN_UNGUARDED_AVAILABILITY = YES_AGGRESSIVE;
				CLANG_WARN_UNREACHABLE_CODE = YES;
				CLANG_WARN__DUPLICATE_METHOD_MATCH = YES;
				COPY_PHASE_STRIP = NO;
				DEBUG_INFORMATION_FORMAT = "dwarf-with-dsym";
				ENABLE_NS_ASSERTIONS = NO;
				ENABLE_STRICT_OBJC_MSGSEND = YES;
				GCC_C_LANGUAGE_STANDARD = gnu11;
				GCC_NO_COMMON_BLOCKS = YES;
				GCC_WARN_64_TO_32_BIT_CONVERSION = YES;
				GCC_WARN_ABOUT_RETURN_TYPE = YES_ERROR;
				GCC_WARN_UNDECLARED_SELECTOR = YES;
				GCC_WARN_UNINITIALIZED_AUTOS = YES_AGGRESSIVE;
				GCC_WARN_UNUSED_FUNCTION = YES;
				GCC_WARN_UNUSED_VARIABLE = YES;
				IPHONEOS_DEPLOYMENT_TARGET = 15.4;
				MTL_ENABLE_DEBUG_INFO = NO;
				MTL_FAST_MATH = YES;
				SDKROOT = iphoneos;
				SWIFT_COMPILATION_MODE = wholemodule;
				SWIFT_OPTIMIZATION_LEVEL = "-O";
				VALIDATE_PRODUCT = YES;
			};
			name = Release;
		};
		70CF73C22889E55E00530295 /* Debug */ = {
			isa = XCBuildConfiguration;
			baseConfigurationReference = 34608E04D4C1FC3DE573955A /* Pods-FoodApp.debug.xcconfig */;
			buildSettings = {
				ASSETCATALOG_COMPILER_APPICON_NAME = AppIcon;
				ASSETCATALOG_COMPILER_GLOBAL_ACCENT_COLOR_NAME = AccentColor;
				CODE_SIGN_STYLE = Automatic;
				CURRENT_PROJECT_VERSION = 1;
				DEVELOPMENT_TEAM = BUV339KR3C;
				GENERATE_INFOPLIST_FILE = YES;
				INFOPLIST_FILE = FoodApp/Info.plist;
				INFOPLIST_KEY_UIApplicationSupportsIndirectInputEvents = YES;
				INFOPLIST_KEY_UILaunchStoryboardName = LaunchScreen;
				INFOPLIST_KEY_UIMainStoryboardFile = Main;
				INFOPLIST_KEY_UISupportedInterfaceOrientations_iPad = "UIInterfaceOrientationPortrait UIInterfaceOrientationPortraitUpsideDown UIInterfaceOrientationLandscapeLeft UIInterfaceOrientationLandscapeRight";
				INFOPLIST_KEY_UISupportedInterfaceOrientations_iPhone = "UIInterfaceOrientationPortrait UIInterfaceOrientationLandscapeLeft UIInterfaceOrientationLandscapeRight";
				LD_RUNPATH_SEARCH_PATHS = (
					"$(inherited)",
					"@executable_path/Frameworks",
				);
				MARKETING_VERSION = 1.0;
				PRODUCT_BUNDLE_IDENTIFIER = com.marvel.FoodApp;
				PRODUCT_NAME = "$(TARGET_NAME)";
				SWIFT_EMIT_LOC_STRINGS = YES;
				SWIFT_VERSION = 5.0;
				TARGETED_DEVICE_FAMILY = "1,2";
			};
			name = Debug;
		};
		70CF73C32889E55E00530295 /* Release */ = {
			isa = XCBuildConfiguration;
			baseConfigurationReference = D76AD145EF87635D5226F605 /* Pods-FoodApp.release.xcconfig */;
			buildSettings = {
				ASSETCATALOG_COMPILER_APPICON_NAME = AppIcon;
				ASSETCATALOG_COMPILER_GLOBAL_ACCENT_COLOR_NAME = AccentColor;
				CODE_SIGN_STYLE = Automatic;
				CURRENT_PROJECT_VERSION = 1;
				DEVELOPMENT_TEAM = BUV339KR3C;
				GENERATE_INFOPLIST_FILE = YES;
				INFOPLIST_FILE = FoodApp/Info.plist;
				INFOPLIST_KEY_UIApplicationSupportsIndirectInputEvents = YES;
				INFOPLIST_KEY_UILaunchStoryboardName = LaunchScreen;
				INFOPLIST_KEY_UIMainStoryboardFile = Main;
				INFOPLIST_KEY_UISupportedInterfaceOrientations_iPad = "UIInterfaceOrientationPortrait UIInterfaceOrientationPortraitUpsideDown UIInterfaceOrientationLandscapeLeft UIInterfaceOrientationLandscapeRight";
				INFOPLIST_KEY_UISupportedInterfaceOrientations_iPhone = "UIInterfaceOrientationPortrait UIInterfaceOrientationLandscapeLeft UIInterfaceOrientationLandscapeRight";
				LD_RUNPATH_SEARCH_PATHS = (
					"$(inherited)",
					"@executable_path/Frameworks",
				);
				MARKETING_VERSION = 1.0;
				PRODUCT_BUNDLE_IDENTIFIER = com.marvel.FoodApp;
				PRODUCT_NAME = "$(TARGET_NAME)";
				SWIFT_EMIT_LOC_STRINGS = YES;
				SWIFT_VERSION = 5.0;
				TARGETED_DEVICE_FAMILY = "1,2";
			};
			name = Release;
		};
/* End XCBuildConfiguration section */

/* Begin XCConfigurationList section */
		70CF73A52889E55C00530295 /* Build configuration list for PBXProject "FoodApp" */ = {
			isa = XCConfigurationList;
			buildConfigurations = (
				70CF73BF2889E55E00530295 /* Debug */,
				70CF73C02889E55E00530295 /* Release */,
			);
			defaultConfigurationIsVisible = 0;
			defaultConfigurationName = Release;
		};
		70CF73C12889E55E00530295 /* Build configuration list for PBXNativeTarget "FoodApp" */ = {
			isa = XCConfigurationList;
			buildConfigurations = (
				70CF73C22889E55E00530295 /* Debug */,
				70CF73C32889E55E00530295 /* Release */,
			);
			defaultConfigurationIsVisible = 0;
			defaultConfigurationName = Release;
		};
/* End XCConfigurationList section */

/* Begin XCVersionGroup section */
		70CF73B62889E55C00530295 /* FoodApp.xcdatamodeld */ = {
			isa = XCVersionGroup;
			children = (
				70CF73B72889E55C00530295 /* FoodApp.xcdatamodel */,
			);
			currentVersion = 70CF73B72889E55C00530295 /* FoodApp.xcdatamodel */;
			path = FoodApp.xcdatamodeld;
			sourceTree = "<group>";
			versionGroupType = wrapper.xcdatamodel;
		};
/* End XCVersionGroup section */
	};
	rootObject = 70CF73A22889E55C00530295 /* Project object */;
}
